
Microsoft Visual Studio Solution File, Format Version 12.00
# Visual Studio 2015
Project("{FAE04EC0-301F-11D3-BF4B-00C04F79EFBC}") = "Walrus", "Walrus.csproj", "{9642FCC6-C998-8064-C613-C7C1E599B75B}"
EndProject
Project("{FAE04EC0-301F-11D3-BF4B-00C04F79EFBC}") = "Walrus.Editor", "Walrus.Editor.csproj", "{BD72EA33-ADDF-B454-03D9-1D8E0016B4F9}"
EndProject
Global
	GlobalSection(SolutionConfigurationPlatforms) = preSolution
		Debug|Any CPU = Debug|Any CPU
		Release|Any CPU = Release|Any CPU
	EndGlobalSection
	GlobalSection(ProjectConfigurationPlatforms) = postSolution
		{9642FCC6-C998-8064-C613-C7C1E599B75B}.Debug|Any CPU.ActiveCfg = Debug|Any CPU
		{9642FCC6-C998-8064-C613-C7C1E599B75B}.Debug|Any CPU.Build.0 = Debug|Any CPU
		{9642FCC6-C998-8064-C613-C7C1E599B75B}.Release|Any CPU.ActiveCfg = Release|Any CPU
		{9642FCC6-C998-8064-C613-C7C1E599B75B}.Release|Any CPU.Build.0 = Release|Any CPU
		{BD72EA33-ADDF-B454-03D9-1D8E0016B4F9}.Debug|Any CPU.ActiveCfg = Debug|Any CPU
		{BD72EA33-ADDF-B454-03D9-1D8E0016B4F9}.Debug|Any CPU.Build.0 = Debug|Any CPU
		{BD72EA33-ADDF-B454-03D9-1D8E0016B4F9}.Release|Any CPU.ActiveCfg = Release|Any CPU
		{BD72EA33-ADDF-B454-03D9-1D8E0016B4F9}.Release|Any CPU.Build.0 = Release|Any CPU
	EndGlobalSection
	GlobalSection(SolutionProperties) = preSolution
		HideSolutionNode = FALSE
	EndGlobalSection
EndGlobal
